Microsoft Visual Studio Solution File, Format Version 11.00
# Visual Studio 2008

Project("{79C5FD99-59BD-FA54-50A4-BCB8FA9A1F15}") = "hearthclone_unity", "Assembly-CSharp.csproj", "{04624EAA-7A64-0F38-E42B-96E70A8606A2}"
EndProject
Global
	GlobalSection(SolutionConfigurationPlatforms) = preSolution
		Debug|Any CPU = Debug|Any CPU
		Release|Any CPU = Release|Any CPU
	EndGlobalSection
	GlobalSection(ProjectConfigurationPlatforms) = postSolution
		{04624EAA-7A64-0F38-E42B-96E70A8606A2}.Debug|Any CPU.ActiveCfg = Debug|Any CPU
		{04624EAA-7A64-0F38-E42B-96E70A8606A2}.Debug|Any CPU.Build.0 = Debug|Any CPU
		{04624EAA-7A64-0F38-E42B-96E70A8606A2}.Release|Any CPU.ActiveCfg = Release|Any CPU
		{04624EAA-7A64-0F38-E42B-96E70A8606A2}.Release|Any CPU.Build.0 = Release|Any CPU
	EndGlobalSection
	GlobalSection(SolutionProperties) = preSolution
		HideSolutionNode = FALSE
	EndGlobalSection
	GlobalSection(MonoDevelopProperties) = preSolution
		StartupItem = Assembly-CSharp.csproj
	EndGlobalSection
EndGlobal
